// !$*UTF8*$!
{
	archiveVersion = 1;
	classes = {
	};
	objectVersion = 50;
	objects = {

/* Begin PBXBuildFile section */
		9F97CAA6262E262300744BCD /* MelhorSonoApp.swift in Sources */ = {isa = PBXBuildFile; fileRef = 9F97CAA5262E262300744BCD /* MelhorSonoApp.swift */; };
		9F97CAA8262E262300744BCD /* ContentView.swift in Sources */ = {isa = PBXBuildFile; fileRef = 9F97CAA7262E262300744BCD /* ContentView.swift */; };
		9F97CAAA262E262E00744BCD /* Assets.xcassets in Resources */ = {isa = PBXBuildFile; fileRef = 9F97CAA9262E262E00744BCD /* Assets.xcassets */; };
		9F97CAAD262E262F00744BCD /* Preview Assets.xcassets in Resources */ = {isa = PBXBuildFile; fileRef = 9F97CAAC262E262F00744BCD /* Preview Assets.xcassets */; };
		9F97CABB262E3B2A00744BCD /* Calcule.mlmodel in Sources */ = {isa = PBXBuildFile; fileRef = 9F97CABA262E3B2A00744BCD /* Calcule.mlmodel */; };
/* End PBXBuildFile section */

/* Begin PBXFileReference section */
		9F97CAA2262E262300744BCD /* MelhorSono.app */ = {isa = PBXFileReference; explicitFileType = wrapper.application; includeInIndex = 0; path = MelhorSono.app; sourceTree = BUILT_PRODUCTS_DIR; };
		9F97CAA5262E262300744BCD /* MelhorSonoApp.swift */ = {isa = PBXFileReference; lastKnownFileType = sourcecode.swift; path = MelhorSonoApp.swift; sourceTree = "<group>"; };
		9F97CAA7262E262300744BCD /* ContentView.swift */ = {isa = PBXFileReference; lastKnownFileType = sourcecode.swift; path = ContentView.swift; sourceTree = "<group>"; };
		9F97CAA9262E262E00744BCD /* Assets.xcassets */ = {isa = PBXFileReference; lastKnownFileType = folder.assetcatalog; path = Assets.xcassets; sourceTree = "<group>"; };
		9F97CAAC262E262F00744BCD /* Preview Assets.xcassets */ = {isa = PBXFileReference; lastKnownFileType = folder.assetcatalog; path = "Preview Assets.xcassets"; sourceTree = "<group>"; };
		9F97CAAE262E262F00744BCD /* Info.plist */ = {isa = PBXFileReference; lastKnownFileType = text.plist.xml; path = Info.plist; sourceTree = "<group>"; };
		9F97CABA262E3B2A00744BCD /* Calcule.mlmodel */ = {isa = PBXFileReference; lastKnownFileType = file.mlmodel; path = Calcule.mlmodel; sourceTree = "<group>"; };
/* End PBXFileReference section */

/* Begin PBXFrameworksBuildPhase section */
		9F97CA9F262E262300744BCD /* Frameworks */ = {
			isa = PBXFrameworksBuildPhase;
			buildActionMask = 2147483647;
			files = (
			);
			runOnlyForDeploymentPostprocessing = 0;
		};
/* End PBXFrameworksBuildPhase section */

/* Begin PBXGroup section */
		9F97CA99262E262200744BCD = {
			isa = PBXGroup;
			children = (
				9F97CAA4262E262300744BCD /* MelhorSono */,
				9F97CAA3262E262300744BCD /* Products */,
			);
			sourceTree = "<group>";
		};
		9F97CAA3262E262300744BCD /* Products */ = {
			isa = PBXGroup;
			children = (
				9F97CAA2262E262300744BCD /* MelhorSono.app */,
			);
			name = Products;
			sourceTree = "<group>";
		};
		9F97CAA4262E262300744BCD /* MelhorSono */ = {
			isa = PBXGroup;
			children = (
				9F97CAA5262E262300744BCD /* MelhorSonoApp.swift */,
				9F97CAA7262E262300744BCD /* ContentView.swift */,
				9F97CAA9262E262E00744BCD /* Assets.xcassets */,
				9F97CAAE262E262F00744BCD /* Info.plist */,
				9F97CABA262E3B2A00744BCD /* Calcule.mlmodel */,
				9F97CAAB262E262F00744BCD /* Preview Content */,
			);
			path = MelhorSono;
			sourceTree = "<group>";
		};
		9F97CAAB262E262F00744BCD /* Preview Content */ = {
			isa = PBXGroup;
			children = (
				9F97CAAC262E262F00744BCD /* Preview Assets.xcassets */,
			);
			path = "Preview Content";
			sourceTree = "<group>";
		};
/* End PBXGroup section */

/* Begin PBXNativeTarget section */
		9F97CAA1262E262300744BCD /* MelhorSono */ = {
			isa = PBXNativeTarget;
			buildConfigurationList = 9F97CAB1262E262F00744BCD /* Build configuration list for PBXNativeTarget "MelhorSono" */;
			buildPhases = (
				9F97CA9E262E262300744BCD /* Sources */,
				9F97CA9F262E262300744BCD /* Frameworks */,
				9F97CAA0262E262300744BCD /* Resources */,
			);
			buildRules = (
			);
			dependencies = (
			);
			name = MelhorSono;
			productName = MelhorSono;
			productReference = 9F97CAA2262E262300744BCD /* MelhorSono.app */;
			productType = "com.apple.product-type.application";
		};
/* End PBXNativeTarget section */

/* Begin PBXProject section */
		9F97CA9A262E262200744BCD /* Project object */ = {
			isa = PBXProject;
			attributes = {
				LastSwiftUpdateCheck = 1240;
				LastUpgradeCheck = 1240;
				TargetAttributes = {
					9F97CAA1262E262300744BCD = {
						CreatedOnToolsVersion = 12.4;
					};
				};
			};
			buildConfigurationList = 9F97CA9D262E262200744BCD /* Build configuration list for PBXProject "MelhorSono" */;
			compatibilityVersion = "Xcode 9.3";
			developmentRegion = en;
			hasScannedForEncodings = 0;
			knownRegions = (
				en,
				Base,
			);
			mainGroup = 9F97CA99262E262200744BCD;
			productRefGroup = 9F97CAA3262E262300744BCD /* Products */;
			projectDirPath = "";
			projectRoot = "";
			targets = (
				9F97CAA1262E262300744BCD /* MelhorSono */,
			);
		};
/* End PBXProject section */

/* Begin PBXResourcesBuildPhase section */
		9F97CAA0262E262300744BCD /* Resources */ = {
			isa = PBXResourcesBuildPhase;
			buildActionMask = 2147483647;
			files = (
				9F97CAAD262E262F00744BCD /* Preview Assets.xcassets in Resources */,
				9F97CAAA262E262E00744BCD /* Assets.xcassets in Resources */,
			);
			runOnlyForDeploymentPostprocessing = 0;
		};
/* End PBXResourcesBuildPhase section */

/* Begin PBXSourcesBuildPhase section */
		9F97CA9E262E262300744BCD /* Sources */ = {
			isa = PBXSourcesBuildPhase;
			buildActionMask = 2147483647;
			files = (
				9F97CABB262E3B2A00744BCD /* Calcule.mlmodel in Sources */,
				9F97CAA8262E262300744BCD /* ContentView.swift in Sources */,
				9F97CAA6262E262300744BCD /* MelhorSonoApp.swift in Sources */,
			);
			runOnlyForDeploymentPostprocessing = 0;
		};
/* End PBXSourcesBuildPhase section */

/* Begin XCBuildConfiguration section */
		9F97CAAF262E262F00744BCD /* Debug */ = {
			isa = XCBuildConfiguration;
			buildSettings = {
				ALWAYS_SEARCH_USER_PATHS = NO;
				CLANG_ANALYZER_NONNULL = YES;
				CLANG_ANALYZER_NUMBER_OBJECT_CONVERSION = YES_AGGRESSIVE;
				CLANG_CXX_LANGUAGE_STANDARD = "gnu++14";
				CLANG_CXX_LIBRARY = "libc++";
				CLANG_ENABLE_MODULES = YES;
				CLANG_ENABLE_OBJC_ARC = YES;
				CLANG_ENABLE_OBJC_WEAK = YES;
				CLANG_WARN_BLOCK_CAPTURE_AUTORELEASING = YES;
				CLANG_WARN_BOOL_CONVERSION = YES;
				CLANG_WARN_COMMA = YES;
				CLANG_WARN_CONSTANT_CONVERSION = YES;
				CLANG_WARN_DEPRECATED_OBJC_IMPLEMENTATIONS = YES;
				CLANG_WARN_DIRECT_OBJC_ISA_USAGE = YES_ERROR;
				CLANG_WARN_DOCUMENTATION_COMMENTS = YES;
				CLANG_WARN_EMPTY_BODY = YES;
				CLANG_WARN_ENUM_CONVERSION = YES;
				CLANG_WARN_INFINITE_RECURSION = YES;
				CLANG_WARN_INT_CONVERSION = YES;
				CLANG_WARN_NON_LITERAL_NULL_CONVERSION = YES;
				CLANG_WARN_OBJC_IMPLICIT_RETAIN_SELF = YES;
				CLANG_WARN_OBJC_LITERAL_CONVERSION = YES;
				CLANG_WARN_OBJC_ROOT_CLASS = YES_ERROR;
				CLANG_WARN_QUOTED_INCLUDE_IN_FRAMEWORK_HEADER = YES;
				CLANG_WARN_RANGE_LOOP_ANALYSIS = YES;
				CLANG_WARN_STRICT_PROTOTYPES = YES;
				CLANG_WARN_SUSPICIOUS_MOVE = YES;
				CLANG_WARN_UNGUARDED_AVAILABILITY = YES_AGGRESSIVE;
				CLANG_WARN_UNREACHABLE_CODE = YES;
				CLANG_WARN__DUPLICATE_METHOD_MATCH = YES;
				COPY_PHASE_STRIP = NO;
				DEBUG_INFORMATION_FORMAT = dwarf;
				ENABLE_STRICT_OBJC_MSGSEND = YES;
				ENABLE_TESTABILITY = YES;
				GCC_C_LANGUAGE_STANDARD = gnu11;
				GCC_DYNAMIC_NO_PIC = NO;
				GCC_NO_COMMON_BLOCKS = YES;
				GCC_OPTIMIZATION_LEVEL = 0;
				GCC_PREPROCESSOR_DEFINITIONS = (
					"DEBUG=1",
					"$(inherited)",
				);
				GCC_WARN_64_TO_32_BIT_CONVERSION = YES;
				GCC_WARN_ABOUT_RETURN_TYPE = YES_ERROR;
				GCC_WARN_UNDECLARED_SELECTOR = YES;
				GCC_WARN_UNINITIALIZED_AUTOS = YES_AGGRESSIVE;
				GCC_WARN_UNUSED_FUNCTION = YES;
				GCC_WARN_UNUSED_VARIABLE = YES;
				IPHONEOS_DEPLOYMENT_TARGET = 14.4;
				MTL_ENABLE_DEBUG_INFO = INCLUDE_SOURCE;
				MTL_FAST_MATH = YES;
				ONLY_ACTIVE_ARCH = YES;
				SDKROOT = iphoneos;
				SWIFT_ACTIVE_COMPILATION_CONDITIONS = DEBUG;
				SWIFT_OPTIMIZATION_LEVEL = "-Onone";
			};
			name = Debug;
		};
		9F97CAB0262E262F00744BCD /* Release */ = {
			isa = XCBuildConfiguration;
			buildSettings = {
				ALWAYS_SEARCH_USER_PATHS = NO;
				CLANG_ANALYZER_NONNULL = YES;
				CLANG_ANALYZER_NUMBER_OBJECT_CONVERSION = YES_AGGRESSIVE;
				CLANG_CXX_LANGUAGE_STANDARD = "gnu++14";
				CLANG_CXX_LIBRARY = "libc++";
				CLANG_ENABLE_MODULES = YES;
				CLANG_ENABLE_OBJC_ARC = YES;
				CLANG_ENABLE_OBJC_WEAK = YES;
				CLANG_WARN_BLOCK_CAPTURE_AUTORELEASING = YES;
				CLANG_WARN_BOOL_CONVERSION = YES;
				CLANG_WARN_COMMA = YES;
				CLANG_WARN_CONSTANT_CONVERSION = YES;
				CLANG_WARN_DEPRECATED_OBJC_IMPLEMENTATIONS = YES;
				CLANG_WARN_DIRECT_OBJC_ISA_USAGE = YES_ERROR;
				CLANG_WARN_DOCUMENTATION_COMMENTS = YES;
				CLANG_WARN_EMPTY_BODY = YES;
				CLANG_WARN_ENUM_CONVERSION = YES;
				CLANG_WARN_INFINITE_RECURSION = YES;
				CLANG_WARN_INT_CONVERSION = YES;
				CLANG_WARN_NON_LITERAL_NULL_CONVERSION = YES;
				CLANG_WARN_OBJC_IMPLICIT_RETAIN_SELF = YES;
				CLANG_WARN_OBJC_LITERAL_CONVERSION = YES;
				CLANG_WARN_OBJC_ROOT_CLASS = YES_ERROR;
				CLANG_WARN_QUOTED_INCLUDE_IN_FRAMEWORK_HEADER = YES;
				CLANG_WARN_RANGE_LOOP_ANALYSIS = YES;
				CLANG_WARN_STRICT_PROTOTYPES = YES;
				CLANG_WARN_SUSPICIOUS_MOVE = YES;
				CLANG_WARN_UNGUARDED_AVAILABILITY = YES_AGGRESSIVE;
				CLANG_WARN_UNREACHABLE_CODE = YES;
				CLANG_WARN__DUPLICATE_METHOD_MATCH = YES;
				COPY_PHASE_STRIP = NO;
				DEBUG_INFORMATION_FORMAT = "dwarf-with-dsym";
				ENABLE_NS_ASSERTIONS = NO;
				ENABLE_STRICT_OBJC_MSGSEND = YES;
				GCC_C_LANGUAGE_STANDARD = gnu11;
				GCC_NO_COMMON_BLOCKS = YES;
				GCC_WARN_64_TO_32_BIT_CONVERSION = YES;
				GCC_WARN_ABOUT_RETURN_TYPE = YES_ERROR;
				GCC_WARN_UNDECLARED_SELECTOR = YES;
				GCC_WARN_UNINITIALIZED_AUTOS = YES_AGGRESSIVE;
				GCC_WARN_UNUSED_FUNCTION = YES;
				GCC_WARN_UNUSED_VARIABLE = YES;
				IPHONEOS_DEPLOYMENT_TARGET = 14.4;
				MTL_ENABLE_DEBUG_INFO = NO;
				MTL_FAST_MATH = YES;
				SDKROOT = iphoneos;
				SWIFT_COMPILATION_MODE = wholemodule;
				SWIFT_OPTIMIZATION_LEVEL = "-O";
				VALIDATE_PRODUCT = YES;
			};
			name = Release;
		};
		9F97CAB2262E262F00744BCD /* Debug */ = {
			isa = XCBuildConfiguration;
			buildSettings = {
				ASSETCATALOG_COMPILER_APPICON_NAME = AppIcon;
				ASSETCATALOG_COMPILER_GLOBAL_ACCENT_COLOR_NAME = AccentColor;
				CODE_SIGN_STYLE = Automatic;
				DEVELOPMENT_ASSET_PATHS = "\"MelhorSono/Preview Content\"";
				DEVELOPMENT_TEAM = 52DJP63H9U;
				ENABLE_PREVIEWS = YES;
				INFOPLIST_FILE = MelhorSono/Info.plist;
				IPHONEOS_DEPLOYMENT_TARGET = 14.0;
				LD_RUNPATH_SEARCH_PATHS = (
					"$(inherited)",
					"@executable_path/Frameworks",
				);
				PRODUCT_BUNDLE_IDENTIFIER = com.gmail.rodrigocav94.MelhorSono;
				PRODUCT_NAME = "$(TARGET_NAME)";
				SWIFT_VERSION = 5.0;
				TARGETED_DEVICE_FAMILY = "1,2";
			};
			name = Debug;
		};
		9F97CAB3262E262F00744BCD /* Release */ = {
			isa = XCBuildConfiguration;
			buildSettings = {
				ASSETCATALOG_COMPILER_APPICON_NAME = AppIcon;
				ASSETCATALOG_COMPILER_GLOBAL_ACCENT_COLOR_NAME = AccentColor;
				CODE_SIGN_STYLE = Automatic;
				DEVELOPMENT_ASSET_PATHS = "\"MelhorSono/Preview Content\"";
				DEVELOPMENT_TEAM = 52DJP63H9U;
				ENABLE_PREVIEWS = YES;
				INFOPLIST_FILE = MelhorSono/Info.plist;
				IPHONEOS_DEPLOYMENT_TARGET = 14.0;
				LD_RUNPATH_SEARCH_PATHS = (
					"$(inherited)",
					"@executable_path/Frameworks",
				);
				PRODUCT_BUNDLE_IDENTIFIER = com.gmail.rodrigocav94.MelhorSono;
				PRODUCT_NAME = "$(TARGET_NAME)";
				SWIFT_VERSION = 5.0;
				TARGETED_DEVICE_FAMILY = "1,2";
			};
			name = Release;
		};
/* End XCBuildConfiguration section */

/* Begin XCConfigurationList section */
		9F97CA9D262E262200744BCD /* Build configuration list for PBXProject "MelhorSono" */ = {
			isa = XCConfigurationList;
			buildConfigurations = (
				9F97CAAF262E262F00744BCD /* Debug */,
				9F97CAB0262E262F00744BCD /* Release */,
			);
			defaultConfigurationIsVisible = 0;
			defaultConfigurationName = Release;
		};
		9F97CAB1262E262F00744BCD /* Build configuration list for PBXNativeTarget "MelhorSono" */ = {
			isa = XCConfigurationList;
			buildConfigurations = (
				9F97CAB2262E262F00744BCD /* Debug */,
				9F97CAB3262E262F00744BCD /* Release */,
			);
			defaultConfigurationIsVisible = 0;
			defaultConfigurationName = Release;
		};
/* End XCConfigurationList section */
	};
	rootObject = 9F97CA9A262E262200744BCD /* Project object */;
}
